// !$*UTF8*$!
{
	archiveVersion = 1;
	classes = {
	};
	objectVersion = 56;
	objects = {

/* Begin PBXBuildFile section */
		FE00E37E297059A20050CEC2 /* Move.swift in Sources */ = {isa = PBXBuildFile; fileRef = FE00E37D297059A20050CEC2 /* Move.swift */; };
		FE00E380297070F30050CEC2 /* Strategist.swift in Sources */ = {isa = PBXBuildFile; fileRef = FE00E37F297070F30050CEC2 /* Strategist.swift */; };
		FE00E38729718D160050CEC2 /* screen1.png in Resources */ = {isa = PBXBuildFile; fileRef = FE00E38329718D160050CEC2 /* screen1.png */; };
		FE00E38829718D160050CEC2 /* video.gif in Resources */ = {isa = PBXBuildFile; fileRef = FE00E38429718D160050CEC2 /* video.gif */; };
		FE00E38929718D160050CEC2 /* screen2.png in Resources */ = {isa = PBXBuildFile; fileRef = FE00E38529718D160050CEC2 /* screen2.png */; };
		FE00E38A29718D160050CEC2 /* screen3.png in Resources */ = {isa = PBXBuildFile; fileRef = FE00E38629718D160050CEC2 /* screen3.png */; };
		FE5B3785296C7D9B00794223 /* BioBlitApp.swift in Sources */ = {isa = PBXBuildFile; fileRef = FE5B3784296C7D9B00794223 /* BioBlitApp.swift */; };
		FE5B3787296C7D9B00794223 /* ContentView.swift in Sources */ = {isa = PBXBuildFile; fileRef = FE5B3786296C7D9B00794223 /* ContentView.swift */; };
		FE5B3789296C7D9D00794223 /* Assets.xcassets in Resources */ = {isa = PBXBuildFile; fileRef = FE5B3788296C7D9D00794223 /* Assets.xcassets */; };
		FE5B378C296C7D9D00794223 /* Preview Assets.xcassets in Resources */ = {isa = PBXBuildFile; fileRef = FE5B378B296C7D9D00794223 /* Preview Assets.xcassets */; };
		FE5B3794296C805400794223 /* Bacteria.swift in Sources */ = {isa = PBXBuildFile; fileRef = FE5B3793296C805400794223 /* Bacteria.swift */; };
		FE5B3796296C822E00794223 /* BacteriaView.swift in Sources */ = {isa = PBXBuildFile; fileRef = FE5B3795296C822E00794223 /* BacteriaView.swift */; };
		FE5B3798296C85E300794223 /* GameBoard.swift in Sources */ = {isa = PBXBuildFile; fileRef = FE5B3797296C85E300794223 /* GameBoard.swift */; };
		FE5B379A296DE8FB00794223 /* Player.swift in Sources */ = {isa = PBXBuildFile; fileRef = FE5B3799296DE8FB00794223 /* Player.swift */; };
		FE5B37A0296E133E00794223 /* Board.swift in Sources */ = {isa = PBXBuildFile; fileRef = FE5B379F296E133E00794223 /* Board.swift */; };
/* End PBXBuildFile section */

/* Begin PBXFileReference section */
		FE00E37D297059A20050CEC2 /* Move.swift */ = {isa = PBXFileReference; lastKnownFileType = sourcecode.swift; path = Move.swift; sourceTree = "<group>"; };
		FE00E37F297070F30050CEC2 /* Strategist.swift */ = {isa = PBXFileReference; lastKnownFileType = sourcecode.swift; path = Strategist.swift; sourceTree = "<group>"; };
		FE00E381297189050050CEC2 /* README.md */ = {isa = PBXFileReference; lastKnownFileType = net.daringfireball.markdown; path = README.md; sourceTree = "<group>"; };
		FE00E38329718D160050CEC2 /* screen1.png */ = {isa = PBXFileReference; lastKnownFileType = image.png; path = screen1.png; sourceTree = "<group>"; };
		FE00E38429718D160050CEC2 /* video.gif */ = {isa = PBXFileReference; lastKnownFileType = image.gif; path = video.gif; sourceTree = "<group>"; };
		FE00E38529718D160050CEC2 /* screen2.png */ = {isa = PBXFileReference; lastKnownFileType = image.png; path = screen2.png; sourceTree = "<group>"; };
		FE00E38629718D160050CEC2 /* screen3.png */ = {isa = PBXFileReference; lastKnownFileType = image.png; path = screen3.png; sourceTree = "<group>"; };
		FE5B3781296C7D9B00794223 /* BioBlit.app */ = {isa = PBXFileReference; explicitFileType = wrapper.application; includeInIndex = 0; path = BioBlit.app; sourceTree = BUILT_PRODUCTS_DIR; };
		FE5B3784296C7D9B00794223 /* BioBlitApp.swift */ = {isa = PBXFileReference; lastKnownFileType = sourcecode.swift; path = BioBlitApp.swift; sourceTree = "<group>"; };
		FE5B3786296C7D9B00794223 /* ContentView.swift */ = {isa = PBXFileReference; lastKnownFileType = sourcecode.swift; path = ContentView.swift; sourceTree = "<group>"; };
		FE5B3788296C7D9D00794223 /* Assets.xcassets */ = {isa = PBXFileReference; lastKnownFileType = folder.assetcatalog; path = Assets.xcassets; sourceTree = "<group>"; };
		FE5B378B296C7D9D00794223 /* Preview Assets.xcassets */ = {isa = PBXFileReference; lastKnownFileType = folder.assetcatalog; path = "Preview Assets.xcassets"; sourceTree = "<group>"; };
		FE5B378D296C7D9D00794223 /* BioBlit.entitlements */ = {isa = PBXFileReference; lastKnownFileType = text.plist.entitlements; path = BioBlit.entitlements; sourceTree = "<group>"; };
		FE5B3793296C805400794223 /* Bacteria.swift */ = {isa = PBXFileReference; lastKnownFileType = sourcecode.swift; path = Bacteria.swift; sourceTree = "<group>"; };
		FE5B3795296C822E00794223 /* BacteriaView.swift */ = {isa = PBXFileReference; lastKnownFileType = sourcecode.swift; path = BacteriaView.swift; sourceTree = "<group>"; };
		FE5B3797296C85E300794223 /* GameBoard.swift */ = {isa = PBXFileReference; lastKnownFileType = sourcecode.swift; path = GameBoard.swift; sourceTree = "<group>"; };
		FE5B3799296DE8FB00794223 /* Player.swift */ = {isa = PBXFileReference; lastKnownFileType = sourcecode.swift; path = Player.swift; sourceTree = "<group>"; };
		FE5B379F296E133E00794223 /* Board.swift */ = {isa = PBXFileReference; lastKnownFileType = sourcecode.swift; path = Board.swift; sourceTree = "<group>"; };
/* End PBXFileReference section */

/* Begin PBXFrameworksBuildPhase section */
		FE5B377E296C7D9B00794223 /* Frameworks */ = {
			isa = PBXFrameworksBuildPhase;
			buildActionMask = 2147483647;
			files = (
			);
			runOnlyForDeploymentPostprocessing = 0;
		};
/* End PBXFrameworksBuildPhase section */

/* Begin PBXGroup section */
		FE00E38229718D080050CEC2 /* screen */ = {
			isa = PBXGroup;
			children = (
				FE00E38329718D160050CEC2 /* screen1.png */,
				FE00E38529718D160050CEC2 /* screen2.png */,
				FE00E38629718D160050CEC2 /* screen3.png */,
				FE00E38429718D160050CEC2 /* video.gif */,
			);
			path = screen;
			sourceTree = "<group>";
		};
		FE5B3778296C7D9B00794223 = {
			isa = PBXGroup;
			children = (
				FE00E38229718D080050CEC2 /* screen */,
				FE00E381297189050050CEC2 /* README.md */,
				FE5B3783296C7D9B00794223 /* BioBlit */,
				FE5B3782296C7D9B00794223 /* Products */,
			);
			sourceTree = "<group>";
		};
		FE5B3782296C7D9B00794223 /* Products */ = {
			isa = PBXGroup;
			children = (
				FE5B3781296C7D9B00794223 /* BioBlit.app */,
			);
			name = Products;
			sourceTree = "<group>";
		};
		FE5B3783296C7D9B00794223 /* BioBlit */ = {
			isa = PBXGroup;
			children = (
				FE5B379D296E12D400794223 /* ModelView */,
				FE5B379C296E12BC00794223 /* Views */,
				FE5B379B296E12A800794223 /* Models */,
				FE5B3784296C7D9B00794223 /* BioBlitApp.swift */,
				FE5B3788296C7D9D00794223 /* Assets.xcassets */,
				FE5B378D296C7D9D00794223 /* BioBlit.entitlements */,
				FE5B378A296C7D9D00794223 /* Preview Content */,
			);
			path = BioBlit;
			sourceTree = "<group>";
		};
		FE5B378A296C7D9D00794223 /* Preview Content */ = {
			isa = PBXGroup;
			children = (
				FE5B378B296C7D9D00794223 /* Preview Assets.xcassets */,
			);
			path = "Preview Content";
			sourceTree = "<group>";
		};
		FE5B379B296E12A800794223 /* Models */ = {
			isa = PBXGroup;
			children = (
				FE5B3799296DE8FB00794223 /* Player.swift */,
				FE5B3793296C805400794223 /* Bacteria.swift */,
				FE5B379F296E133E00794223 /* Board.swift */,
				FE00E37D297059A20050CEC2 /* Move.swift */,
				FE00E37F297070F30050CEC2 /* Strategist.swift */,
			);
			path = Models;
			sourceTree = "<group>";
		};
		FE5B379C296E12BC00794223 /* Views */ = {
			isa = PBXGroup;
			children = (
				FE5B3786296C7D9B00794223 /* ContentView.swift */,
				FE5B3795296C822E00794223 /* BacteriaView.swift */,
			);
			path = Views;
			sourceTree = "<group>";
		};
		FE5B379D296E12D400794223 /* ModelView */ = {
			isa = PBXGroup;
			children = (
				FE5B3797296C85E300794223 /* GameBoard.swift */,
			);
			path = ModelView;
			sourceTree = "<group>";
		};
/* End PBXGroup section */

/* Begin PBXNativeTarget section */
		FE5B3780296C7D9B00794223 /* BioBlit */ = {
			isa = PBXNativeTarget;
			buildConfigurationList = FE5B3790296C7D9D00794223 /* Build configuration list for PBXNativeTarget "BioBlit" */;
			buildPhases = (
				FE5B377D296C7D9B00794223 /* Sources */,
				FE5B377E296C7D9B00794223 /* Frameworks */,
				FE5B377F296C7D9B00794223 /* Resources */,
			);
			buildRules = (
			);
			dependencies = (
			);
			name = BioBlit;
			productName = BioBlit;
			productReference = FE5B3781296C7D9B00794223 /* BioBlit.app */;
			productType = "com.apple.product-type.application";
		};
/* End PBXNativeTarget section */

/* Begin PBXProject section */
		FE5B3779296C7D9B00794223 /* Project object */ = {
			isa = PBXProject;
			attributes = {
				BuildIndependentTargetsInParallel = 1;
				LastSwiftUpdateCheck = 1420;
				LastUpgradeCheck = 1420;
				TargetAttributes = {
					FE5B3780296C7D9B00794223 = {
						CreatedOnToolsVersion = 14.2;
					};
				};
			};
			buildConfigurationList = FE5B377C296C7D9B00794223 /* Build configuration list for PBXProject "BioBlit" */;
			compatibilityVersion = "Xcode 14.0";
			developmentRegion = en;
			hasScannedForEncodings = 0;
			knownRegions = (
				en,
				Base,
			);
			mainGroup = FE5B3778296C7D9B00794223;
			productRefGroup = FE5B3782296C7D9B00794223 /* Products */;
			projectDirPath = "";
			projectRoot = "";
			targets = (
				FE5B3780296C7D9B00794223 /* BioBlit */,
			);
		};
/* End PBXProject section */

/* Begin PBXResourcesBuildPhase section */
		FE5B377F296C7D9B00794223 /* Resources */ = {
			isa = PBXResourcesBuildPhase;
			buildActionMask = 2147483647;
			files = (
				FE00E38829718D160050CEC2 /* video.gif in Resources */,
				FE00E38A29718D160050CEC2 /* screen3.png in Resources */,
				FE5B378C296C7D9D00794223 /* Preview Assets.xcassets in Resources */,
				FE00E38929718D160050CEC2 /* screen2.png in Resources */,
				FE00E38729718D160050CEC2 /* screen1.png in Resources */,
				FE5B3789296C7D9D00794223 /* Assets.xcassets in Resources */,
			);
			runOnlyForDeploymentPostprocessing = 0;
		};
/* End PBXResourcesBuildPhase section */

/* Begin PBXSourcesBuildPhase section */
		FE5B377D296C7D9B00794223 /* Sources */ = {
			isa = PBXSourcesBuildPhase;
			buildActionMask = 2147483647;
			files = (
				FE5B3787296C7D9B00794223 /* ContentView.swift in Sources */,
				FE5B3785296C7D9B00794223 /* BioBlitApp.swift in Sources */,
				FE5B3798296C85E300794223 /* GameBoard.swift in Sources */,
				FE5B3794296C805400794223 /* Bacteria.swift in Sources */,
				FE00E37E297059A20050CEC2 /* Move.swift in Sources */,
				FE5B37A0296E133E00794223 /* Board.swift in Sources */,
				FE00E380297070F30050CEC2 /* Strategist.swift in Sources */,
				FE5B379A296DE8FB00794223 /* Player.swift in Sources */,
				FE5B3796296C822E00794223 /* BacteriaView.swift in Sources */,
			);
			runOnlyForDeploymentPostprocessing = 0;
		};
/* End PBXSourcesBuildPhase section */

/* Begin XCBuildConfiguration section */
		FE5B378E296C7D9D00794223 /* Debug */ = {
			isa = XCBuildConfiguration;
			buildSettings = {
				ALWAYS_SEARCH_USER_PATHS = NO;
				CLANG_ANALYZER_NONNULL = YES;
				CLANG_ANALYZER_NUMBER_OBJECT_CONVERSION = YES_AGGRESSIVE;
				CLANG_CXX_LANGUAGE_STANDARD = "gnu++20";
				CLANG_ENABLE_MODULES = YES;
				CLANG_ENABLE_OBJC_ARC = YES;
				CLANG_ENABLE_OBJC_WEAK = YES;
				CLANG_WARN_BLOCK_CAPTURE_AUTORELEASING = YES;
				CLANG_WARN_BOOL_CONVERSION = YES;
				CLANG_WARN_COMMA = YES;
				CLANG_WARN_CONSTANT_CONVERSION = YES;
				CLANG_WARN_DEPRECATED_OBJC_IMPLEMENTATIONS = YES;
				CLANG_WARN_DIRECT_OBJC_ISA_USAGE = YES_ERROR;
				CLANG_WARN_DOCUMENTATION_COMMENTS = YES;
				CLANG_WARN_EMPTY_BODY = YES;
				CLANG_WARN_ENUM_CONVERSION = YES;
				CLANG_WARN_INFINITE_RECURSION = YES;
				CLANG_WARN_INT_CONVERSION = YES;
				CLANG_WARN_NON_LITERAL_NULL_CONVERSION = YES;
				CLANG_WARN_OBJC_IMPLICIT_RETAIN_SELF = YES;
				CLANG_WARN_OBJC_LITERAL_CONVERSION = YES;
				CLANG_WARN_OBJC_ROOT_CLASS = YES_ERROR;
				CLANG_WARN_QUOTED_INCLUDE_IN_FRAMEWORK_HEADER = YES;
				CLANG_WARN_RANGE_LOOP_ANALYSIS = YES;
				CLANG_WARN_STRICT_PROTOTYPES = YES;
				CLANG_WARN_SUSPICIOUS_MOVE = YES;
				CLANG_WARN_UNGUARDED_AVAILABILITY = YES_AGGRESSIVE;
				CLANG_WARN_UNREACHABLE_CODE = YES;
				CLANG_WARN__DUPLICATE_METHOD_MATCH = YES;
				COPY_PHASE_STRIP = NO;
				DEBUG_INFORMATION_FORMAT = dwarf;
				ENABLE_STRICT_OBJC_MSGSEND = YES;
				ENABLE_TESTABILITY = YES;
				GCC_C_LANGUAGE_STANDARD = gnu11;
				GCC_DYNAMIC_NO_PIC = NO;
				GCC_NO_COMMON_BLOCKS = YES;
				GCC_OPTIMIZATION_LEVEL = 0;
				GCC_PREPROCESSOR_DEFINITIONS = (
					"DEBUG=1",
					"$(inherited)",
				);
				GCC_WARN_64_TO_32_BIT_CONVERSION = YES;
				GCC_WARN_ABOUT_RETURN_TYPE = YES_ERROR;
				GCC_WARN_UNDECLARED_SELECTOR = YES;
				GCC_WARN_UNINITIALIZED_AUTOS = YES_AGGRESSIVE;
				GCC_WARN_UNUSED_FUNCTION = YES;
				GCC_WARN_UNUSED_VARIABLE = YES;
				MACOSX_DEPLOYMENT_TARGET = 13.0;
				MTL_ENABLE_DEBUG_INFO = INCLUDE_SOURCE;
				MTL_FAST_MATH = YES;
				ONLY_ACTIVE_ARCH = YES;
				SDKROOT = macosx;
				SWIFT_ACTIVE_COMPILATION_CONDITIONS = DEBUG;
				SWIFT_OPTIMIZATION_LEVEL = "-Onone";
			};
			name = Debug;
		};
		FE5B378F296C7D9D00794223 /* Release */ = {
			isa = XCBuildConfiguration;
			buildSettings = {
				ALWAYS_SEARCH_USER_PATHS = NO;
				CLANG_ANALYZER_NONNULL = YES;
				CLANG_ANALYZER_NUMBER_OBJECT_CONVERSION = YES_AGGRESSIVE;
				CLANG_CXX_LANGUAGE_STANDARD = "gnu++20";
				CLANG_ENABLE_MODULES = YES;
				CLANG_ENABLE_OBJC_ARC = YES;
				CLANG_ENABLE_OBJC_WEAK = YES;
				CLANG_WARN_BLOCK_CAPTURE_AUTORELEASING = YES;
				CLANG_WARN_BOOL_CONVERSION = YES;
				CLANG_WARN_COMMA = YES;
				CLANG_WARN_CONSTANT_CONVERSION = YES;
				CLANG_WARN_DEPRECATED_OBJC_IMPLEMENTATIONS = YES;
				CLANG_WARN_DIRECT_OBJC_ISA_USAGE = YES_ERROR;
				CLANG_WARN_DOCUMENTATION_COMMENTS = YES;
				CLANG_WARN_EMPTY_BODY = YES;
				CLANG_WARN_ENUM_CONVERSION = YES;
				CLANG_WARN_INFINITE_RECURSION = YES;
				CLANG_WARN_INT_CONVERSION = YES;
				CLANG_WARN_NON_LITERAL_NULL_CONVERSION = YES;
				CLANG_WARN_OBJC_IMPLICIT_RETAIN_SELF = YES;
				CLANG_WARN_OBJC_LITERAL_CONVERSION = YES;
				CLANG_WARN_OBJC_ROOT_CLASS = YES_ERROR;
				CLANG_WARN_QUOTED_INCLUDE_IN_FRAMEWORK_HEADER = YES;
				CLANG_WARN_RANGE_LOOP_ANALYSIS = YES;
				CLANG_WARN_STRICT_PROTOTYPES = YES;
				CLANG_WARN_SUSPICIOUS_MOVE = YES;
				CLANG_WARN_UNGUARDED_AVAILABILITY = YES_AGGRESSIVE;
				CLANG_WARN_UNREACHABLE_CODE = YES;
				CLANG_WARN__DUPLICATE_METHOD_MATCH = YES;
				COPY_PHASE_STRIP = NO;
				DEBUG_INFORMATION_FORMAT = "dwarf-with-dsym";
				ENABLE_NS_ASSERTIONS = NO;
				ENABLE_STRICT_OBJC_MSGSEND = YES;
				GCC_C_LANGUAGE_STANDARD = gnu11;
				GCC_NO_COMMON_BLOCKS = YES;
				GCC_WARN_64_TO_32_BIT_CONVERSION = YES;
				GCC_WARN_ABOUT_RETURN_TYPE = YES_ERROR;
				GCC_WARN_UNDECLARED_SELECTOR = YES;
				GCC_WARN_UNINITIALIZED_AUTOS = YES_AGGRESSIVE;
				GCC_WARN_UNUSED_FUNCTION = YES;
				GCC_WARN_UNUSED_VARIABLE = YES;
				MACOSX_DEPLOYMENT_TARGET = 13.0;
				MTL_ENABLE_DEBUG_INFO = NO;
				MTL_FAST_MATH = YES;
				SDKROOT = macosx;
				SWIFT_COMPILATION_MODE = wholemodule;
				SWIFT_OPTIMIZATION_LEVEL = "-O";
			};
			name = Release;
		};
		FE5B3791296C7D9D00794223 /* Debug */ = {
			isa = XCBuildConfiguration;
			buildSettings = {
				ASSETCATALOG_COMPILER_APPICON_NAME = AppIcon;
				ASSETCATALOG_COMPILER_GLOBAL_ACCENT_COLOR_NAME = AccentColor;
				CODE_SIGN_ENTITLEMENTS = BioBlit/BioBlit.entitlements;
				CODE_SIGN_STYLE = Automatic;
				COMBINE_HIDPI_IMAGES = YES;
				CURRENT_PROJECT_VERSION = 1;
				DEVELOPMENT_ASSET_PATHS = "\"BioBlit/Preview Content\"";
				DEVELOPMENT_TEAM = BRBRML9AMG;
				ENABLE_HARDENED_RUNTIME = YES;
				ENABLE_PREVIEWS = YES;
				GENERATE_INFOPLIST_FILE = YES;
				INFOPLIST_KEY_NSHumanReadableCopyright = "";
				LD_RUNPATH_SEARCH_PATHS = (
					"$(inherited)",
					"@executable_path/../Frameworks",
				);
				MARKETING_VERSION = 1.0;
				PRODUCT_BUNDLE_IDENTIFIER = pl.thehardway.BioBlit;
				PRODUCT_NAME = "$(TARGET_NAME)";
				SWIFT_EMIT_LOC_STRINGS = YES;
				SWIFT_VERSION = 5.0;
			};
			name = Debug;
		};
		FE5B3792296C7D9D00794223 /* Release */ = {
			isa = XCBuildConfiguration;
			buildSettings = {
				ASSETCATALOG_COMPILER_APPICON_NAME = AppIcon;
				ASSETCATALOG_COMPILER_GLOBAL_ACCENT_COLOR_NAME = AccentColor;
				CODE_SIGN_ENTITLEMENTS = BioBlit/BioBlit.entitlements;
				CODE_SIGN_STYLE = Automatic;
				COMBINE_HIDPI_IMAGES = YES;
				CURRENT_PROJECT_VERSION = 1;
				DEVELOPMENT_ASSET_PATHS = "\"BioBlit/Preview Content\"";
				DEVELOPMENT_TEAM = BRBRML9AMG;
				ENABLE_HARDENED_RUNTIME = YES;
				ENABLE_PREVIEWS = YES;
				GENERATE_INFOPLIST_FILE = YES;
				INFOPLIST_KEY_NSHumanReadableCopyright = "";
				LD_RUNPATH_SEARCH_PATHS = (
					"$(inherited)",
					"@executable_path/../Frameworks",
				);
				MARKETING_VERSION = 1.0;
				PRODUCT_BUNDLE_IDENTIFIER = pl.thehardway.BioBlit;
				PRODUCT_NAME = "$(TARGET_NAME)";
				SWIFT_EMIT_LOC_STRINGS = YES;
				SWIFT_VERSION = 5.0;
			};
			name = Release;
		};
/* End XCBuildConfiguration section */

/* Begin XCConfigurationList section */
		FE5B377C296C7D9B00794223 /* Build configuration list for PBXProject "BioBlit" */ = {
			isa = XCConfigurationList;
			buildConfigurations = (
				FE5B378E296C7D9D00794223 /* Debug */,
				FE5B378F296C7D9D00794223 /* Release */,
			);
			defaultConfigurationIsVisible = 0;
			defaultConfigurationName = Release;
		};
		FE5B3790296C7D9D00794223 /* Build configuration list for PBXNativeTarget "BioBlit" */ = {
			isa = XCConfigurationList;
			buildConfigurations = (
				FE5B3791296C7D9D00794223 /* Debug */,
				FE5B3792296C7D9D00794223 /* Release */,
			);
			defaultConfigurationIsVisible = 0;
			defaultConfigurationName = Release;
		};
/* End XCConfigurationList section */
	};
	rootObject = FE5B3779296C7D9B00794223 /* Project object */;
}
